// !$*UTF8*$!
{
	archiveVersion = 1;
	classes = {
	};
	objectVersion = 56;
	objects = {

/* Begin PBXBuildFile section */
		66416C2F29ED81F30094C5D1 /* BudgetApp.swift in Sources */ = {isa = PBXBuildFile; fileRef = 66416C2E29ED81F30094C5D1 /* BudgetApp.swift */; };
		66416C3129ED81F30094C5D1 /* ContentView.swift in Sources */ = {isa = PBXBuildFile; fileRef = 66416C3029ED81F30094C5D1 /* ContentView.swift */; };
		66416C3329ED81F40094C5D1 /* Assets.xcassets in Resources */ = {isa = PBXBuildFile; fileRef = 66416C3229ED81F40094C5D1 /* Assets.xcassets */; };
		66416C3629ED81F40094C5D1 /* Preview Assets.xcassets in Resources */ = {isa = PBXBuildFile; fileRef = 66416C3529ED81F40094C5D1 /* Preview Assets.xcassets */; };
		66416C3E29ED83540094C5D1 /* BudgetModel.xcdatamodeld in Sources */ = {isa = PBXBuildFile; fileRef = 66416C3C29ED83540094C5D1 /* BudgetModel.xcdatamodeld */; };
		66416C4229ED849B0094C5D1 /* BudgetCategory+CoreData.swift in Sources */ = {isa = PBXBuildFile; fileRef = 66416C4129ED849B0094C5D1 /* BudgetCategory+CoreData.swift */; };
		667EC15A29ED85BC00432D2F /* CoreDataManager.swift in Sources */ = {isa = PBXBuildFile; fileRef = 667EC15929ED85BC00432D2F /* CoreDataManager.swift */; };
		667EC15D29ED899800432D2F /* AddBudgetCateogoryView.swift in Sources */ = {isa = PBXBuildFile; fileRef = 667EC15C29ED899800432D2F /* AddBudgetCateogoryView.swift */; };
		667EC16029ED8B6500432D2F /* NumberFormatter+Extension.swift in Sources */ = {isa = PBXBuildFile; fileRef = 667EC15F29ED8B6500432D2F /* NumberFormatter+Extension.swift */; };
		66F757B329EEE06300A0E886 /* BudgetListView.swift in Sources */ = {isa = PBXBuildFile; fileRef = 66F757B229EEE06300A0E886 /* BudgetListView.swift */; };
/* End PBXBuildFile section */

/* Begin PBXFileReference section */
		66416C2B29ED81F30094C5D1 /* BudgetApp.app */ = {isa = PBXFileReference; explicitFileType = wrapper.application; includeInIndex = 0; path = BudgetApp.app; sourceTree = BUILT_PRODUCTS_DIR; };
		66416C2E29ED81F30094C5D1 /* BudgetApp.swift */ = {isa = PBXFileReference; lastKnownFileType = sourcecode.swift; path = BudgetApp.swift; sourceTree = "<group>"; };
		66416C3029ED81F30094C5D1 /* ContentView.swift */ = {isa = PBXFileReference; lastKnownFileType = sourcecode.swift; path = ContentView.swift; sourceTree = "<group>"; };
		66416C3229ED81F40094C5D1 /* Assets.xcassets */ = {isa = PBXFileReference; lastKnownFileType = folder.assetcatalog; path = Assets.xcassets; sourceTree = "<group>"; };
		66416C3529ED81F40094C5D1 /* Preview Assets.xcassets */ = {isa = PBXFileReference; lastKnownFileType = folder.assetcatalog; path = "Preview Assets.xcassets"; sourceTree = "<group>"; };
		66416C3D29ED83540094C5D1 /* BudgetModel.xcdatamodel */ = {isa = PBXFileReference; lastKnownFileType = wrapper.xcdatamodel; path = BudgetModel.xcdatamodel; sourceTree = "<group>"; };
		66416C4129ED849B0094C5D1 /* BudgetCategory+CoreData.swift */ = {isa = PBXFileReference; lastKnownFileType = sourcecode.swift; path = "BudgetCategory+CoreData.swift"; sourceTree = "<group>"; };
		667EC15929ED85BC00432D2F /* CoreDataManager.swift */ = {isa = PBXFileReference; lastKnownFileType = sourcecode.swift; path = CoreDataManager.swift; sourceTree = "<group>"; };
		667EC15C29ED899800432D2F /* AddBudgetCateogoryView.swift */ = {isa = PBXFileReference; lastKnownFileType = sourcecode.swift; path = AddBudgetCateogoryView.swift; sourceTree = "<group>"; };
		667EC15F29ED8B6500432D2F /* NumberFormatter+Extension.swift */ = {isa = PBXFileReference; lastKnownFileType = sourcecode.swift; path = "NumberFormatter+Extension.swift"; sourceTree = "<group>"; };
		66F757B229EEE06300A0E886 /* BudgetListView.swift */ = {isa = PBXFileReference; lastKnownFileType = sourcecode.swift; path = BudgetListView.swift; sourceTree = "<group>"; };
/* End PBXFileReference section */

/* Begin PBXFrameworksBuildPhase section */
		66416C2829ED81F30094C5D1 /* Frameworks */ = {
			isa = PBXFrameworksBuildPhase;
			buildActionMask = 2147483647;
			files = (
			);
			runOnlyForDeploymentPostprocessing = 0;
		};
/* End PBXFrameworksBuildPhase section */

/* Begin PBXGroup section */
		66416C2229ED81F30094C5D1 = {
			isa = PBXGroup;
			children = (
				66416C2D29ED81F30094C5D1 /* BudgetApp */,
				66416C2C29ED81F30094C5D1 /* Products */,
			);
			sourceTree = "<group>";
		};
		66416C2C29ED81F30094C5D1 /* Products */ = {
			isa = PBXGroup;
			children = (
				66416C2B29ED81F30094C5D1 /* BudgetApp.app */,
			);
			name = Products;
			sourceTree = "<group>";
		};
		66416C2D29ED81F30094C5D1 /* BudgetApp */ = {
			isa = PBXGroup;
			children = (
				667EC15E29ED8B4C00432D2F /* Extensions */,
				667EC15B29ED897D00432D2F /* Views */,
				667EC15829ED85A900432D2F /* Managers */,
				66416C3F29ED846D0094C5D1 /* Models */,
				66416C2E29ED81F30094C5D1 /* BudgetApp.swift */,
				66416C3029ED81F30094C5D1 /* ContentView.swift */,
				66416C3229ED81F40094C5D1 /* Assets.xcassets */,
				66416C3429ED81F40094C5D1 /* Preview Content */,
				66416C3C29ED83540094C5D1 /* BudgetModel.xcdatamodeld */,
			);
			path = BudgetApp;
			sourceTree = "<group>";
		};
		66416C3429ED81F40094C5D1 /* Preview Content */ = {
			isa = PBXGroup;
			children = (
				66416C3529ED81F40094C5D1 /* Preview Assets.xcassets */,
			);
			path = "Preview Content";
			sourceTree = "<group>";
		};
		66416C3F29ED846D0094C5D1 /* Models */ = {
			isa = PBXGroup;
			children = (
				66416C4129ED849B0094C5D1 /* BudgetCategory+CoreData.swift */,
			);
			path = Models;
			sourceTree = "<group>";
		};
		667EC15829ED85A900432D2F /* Managers */ = {
			isa = PBXGroup;
			children = (
				667EC15929ED85BC00432D2F /* CoreDataManager.swift */,
			);
			path = Managers;
			sourceTree = "<group>";
		};
		667EC15B29ED897D00432D2F /* Views */ = {
			isa = PBXGroup;
			children = (
				667EC15C29ED899800432D2F /* AddBudgetCateogoryView.swift */,
				66F757B229EEE06300A0E886 /* BudgetListView.swift */,
			);
			path = Views;
			sourceTree = "<group>";
		};
		667EC15E29ED8B4C00432D2F /* Extensions */ = {
			isa = PBXGroup;
			children = (
				667EC15F29ED8B6500432D2F /* NumberFormatter+Extension.swift */,
			);
			path = Extensions;
			sourceTree = "<group>";
		};
/* End PBXGroup section */

/* Begin PBXNativeTarget section */
		66416C2A29ED81F30094C5D1 /* BudgetApp */ = {
			isa = PBXNativeTarget;
			buildConfigurationList = 66416C3929ED81F40094C5D1 /* Build configuration list for PBXNativeTarget "BudgetApp" */;
			buildPhases = (
				66416C2729ED81F30094C5D1 /* Sources */,
				66416C2829ED81F30094C5D1 /* Frameworks */,
				66416C2929ED81F30094C5D1 /* Resources */,
			);
			buildRules = (
			);
			dependencies = (
			);
			name = BudgetApp;
			productName = BudgetApp;
			productReference = 66416C2B29ED81F30094C5D1 /* BudgetApp.app */;
			productType = "com.apple.product-type.application";
		};
/* End PBXNativeTarget section */

/* Begin PBXProject section */
		66416C2329ED81F30094C5D1 /* Project object */ = {
			isa = PBXProject;
			attributes = {
				BuildIndependentTargetsInParallel = 1;
				LastSwiftUpdateCheck = 1430;
				LastUpgradeCheck = 1430;
				TargetAttributes = {
					66416C2A29ED81F30094C5D1 = {
						CreatedOnToolsVersion = 14.3;
					};
				};
			};
			buildConfigurationList = 66416C2629ED81F30094C5D1 /* Build configuration list for PBXProject "BudgetApp" */;
			compatibilityVersion = "Xcode 14.0";
			developmentRegion = en;
			hasScannedForEncodings = 0;
			knownRegions = (
				en,
				Base,
			);
			mainGroup = 66416C2229ED81F30094C5D1;
			productRefGroup = 66416C2C29ED81F30094C5D1 /* Products */;
			projectDirPath = "";
			projectRoot = "";
			targets = (
				66416C2A29ED81F30094C5D1 /* BudgetApp */,
			);
		};
/* End PBXProject section */

/* Begin PBXResourcesBuildPhase section */
		66416C2929ED81F30094C5D1 /* Resources */ = {
			isa = PBXResourcesBuildPhase;
			buildActionMask = 2147483647;
			files = (
				66416C3629ED81F40094C5D1 /* Preview Assets.xcassets in Resources */,
				66416C3329ED81F40094C5D1 /* Assets.xcassets in Resources */,
			);
			runOnlyForDeploymentPostprocessing = 0;
		};
/* End PBXResourcesBuildPhase section */

/* Begin PBXSourcesBuildPhase section */
		66416C2729ED81F30094C5D1 /* Sources */ = {
			isa = PBXSourcesBuildPhase;
			buildActionMask = 2147483647;
			files = (
				667EC16029ED8B6500432D2F /* NumberFormatter+Extension.swift in Sources */,
				66F757B329EEE06300A0E886 /* BudgetListView.swift in Sources */,
				66416C3129ED81F30094C5D1 /* ContentView.swift in Sources */,
				66416C2F29ED81F30094C5D1 /* BudgetApp.swift in Sources */,
				66416C3E29ED83540094C5D1 /* BudgetModel.xcdatamodeld in Sources */,
				667EC15D29ED899800432D2F /* AddBudgetCateogoryView.swift in Sources */,
				667EC15A29ED85BC00432D2F /* CoreDataManager.swift in Sources */,
				66416C4229ED849B0094C5D1 /* BudgetCategory+CoreData.swift in Sources */,
			);
			runOnlyForDeploymentPostprocessing = 0;
		};
/* End PBXSourcesBuildPhase section */

/* Begin XCBuildConfiguration section */
		66416C3729ED81F40094C5D1 /* Debug */ = {
			isa = XCBuildConfiguration;
			buildSettings = {
				ALWAYS_SEARCH_USER_PATHS = NO;
				CLANG_ANALYZER_NONNULL = YES;
				CLANG_ANALYZER_NUMBER_OBJECT_CONVERSION = YES_AGGRESSIVE;
				CLANG_CXX_LANGUAGE_STANDARD = "gnu++20";
				CLANG_ENABLE_MODULES = YES;
				CLANG_ENABLE_OBJC_ARC = YES;
				CLANG_ENABLE_OBJC_WEAK = YES;
				CLANG_WARN_BLOCK_CAPTURE_AUTORELEASING = YES;
				CLANG_WARN_BOOL_CONVERSION = YES;
				CLANG_WARN_COMMA = YES;
				CLANG_WARN_CONSTANT_CONVERSION = YES;
				CLANG_WARN_DEPRECATED_OBJC_IMPLEMENTATIONS = YES;
				CLANG_WARN_DIRECT_OBJC_ISA_USAGE = YES_ERROR;
				CLANG_WARN_DOCUMENTATION_COMMENTS = YES;
				CLANG_WARN_EMPTY_BODY = YES;
				CLANG_WARN_ENUM_CONVERSION = YES;
				CLANG_WARN_INFINITE_RECURSION = YES;
				CLANG_WARN_INT_CONVERSION = YES;
				CLANG_WARN_NON_LITERAL_NULL_CONVERSION = YES;
				CLANG_WARN_OBJC_IMPLICIT_RETAIN_SELF = YES;
				CLANG_WARN_OBJC_LITERAL_CONVERSION = YES;
				CLANG_WARN_OBJC_ROOT_CLASS = YES_ERROR;
				CLANG_WARN_QUOTED_INCLUDE_IN_FRAMEWORK_HEADER = YES;
				CLANG_WARN_RANGE_LOOP_ANALYSIS = YES;
				CLANG_WARN_STRICT_PROTOTYPES = YES;
				CLANG_WARN_SUSPICIOUS_MOVE = YES;
				CLANG_WARN_UNGUARDED_AVAILABILITY = YES_AGGRESSIVE;
				CLANG_WARN_UNREACHABLE_CODE = YES;
				CLANG_WARN__DUPLICATE_METHOD_MATCH = YES;
				COPY_PHASE_STRIP = NO;
				DEBUG_INFORMATION_FORMAT = dwarf;
				ENABLE_STRICT_OBJC_MSGSEND = YES;
				ENABLE_TESTABILITY = YES;
				GCC_C_LANGUAGE_STANDARD = gnu11;
				GCC_DYNAMIC_NO_PIC = NO;
				GCC_NO_COMMON_BLOCKS = YES;
				GCC_OPTIMIZATION_LEVEL = 0;
				GCC_PREPROCESSOR_DEFINITIONS = (
					"DEBUG=1",
					"$(inherited)",
				);
				GCC_WARN_64_TO_32_BIT_CONVERSION = YES;
				GCC_WARN_ABOUT_RETURN_TYPE = YES_ERROR;
				GCC_WARN_UNDECLARED_SELECTOR = YES;
				GCC_WARN_UNINITIALIZED_AUTOS = YES_AGGRESSIVE;
				GCC_WARN_UNUSED_FUNCTION = YES;
				GCC_WARN_UNUSED_VARIABLE = YES;
				IPHONEOS_DEPLOYMENT_TARGET = 16.4;
				MTL_ENABLE_DEBUG_INFO = INCLUDE_SOURCE;
				MTL_FAST_MATH = YES;
				ONLY_ACTIVE_ARCH = YES;
				SDKROOT = iphoneos;
				SWIFT_ACTIVE_COMPILATION_CONDITIONS = DEBUG;
				SWIFT_OPTIMIZATION_LEVEL = "-Onone";
			};
			name = Debug;
		};
		66416C3829ED81F40094C5D1 /* Release */ = {
			isa = XCBuildConfiguration;
			buildSettings = {
				ALWAYS_SEARCH_USER_PATHS = NO;
				CLANG_ANALYZER_NONNULL = YES;
				CLANG_ANALYZER_NUMBER_OBJECT_CONVERSION = YES_AGGRESSIVE;
				CLANG_CXX_LANGUAGE_STANDARD = "gnu++20";
				CLANG_ENABLE_MODULES = YES;
				CLANG_ENABLE_OBJC_ARC = YES;
				CLANG_ENABLE_OBJC_WEAK = YES;
				CLANG_WARN_BLOCK_CAPTURE_AUTORELEASING = YES;
				CLANG_WARN_BOOL_CONVERSION = YES;
				CLANG_WARN_COMMA = YES;
				CLANG_WARN_CONSTANT_CONVERSION = YES;
				CLANG_WARN_DEPRECATED_OBJC_IMPLEMENTATIONS = YES;
				CLANG_WARN_DIRECT_OBJC_ISA_USAGE = YES_ERROR;
				CLANG_WARN_DOCUMENTATION_COMMENTS = YES;
				CLANG_WARN_EMPTY_BODY = YES;
				CLANG_WARN_ENUM_CONVERSION = YES;
				CLANG_WARN_INFINITE_RECURSION = YES;
				CLANG_WARN_INT_CONVERSION = YES;
				CLANG_WARN_NON_LITERAL_NULL_CONVERSION = YES;
				CLANG_WARN_OBJC_IMPLICIT_RETAIN_SELF = YES;
				CLANG_WARN_OBJC_LITERAL_CONVERSION = YES;
				CLANG_WARN_OBJC_ROOT_CLASS = YES_ERROR;
				CLANG_WARN_QUOTED_INCLUDE_IN_FRAMEWORK_HEADER = YES;
				CLANG_WARN_RANGE_LOOP_ANALYSIS = YES;
				CLANG_WARN_STRICT_PROTOTYPES = YES;
				CLANG_WARN_SUSPICIOUS_MOVE = YES;
				CLANG_WARN_UNGUARDED_AVAILABILITY = YES_AGGRESSIVE;
				CLANG_WARN_UNREACHABLE_CODE = YES;
				CLANG_WARN__DUPLICATE_METHOD_MATCH = YES;
				COPY_PHASE_STRIP = NO;
				DEBUG_INFORMATION_FORMAT = "dwarf-with-dsym";
				ENABLE_NS_ASSERTIONS = NO;
				ENABLE_STRICT_OBJC_MSGSEND = YES;
				GCC_C_LANGUAGE_STANDARD = gnu11;
				GCC_NO_COMMON_BLOCKS = YES;
				GCC_WARN_64_TO_32_BIT_CONVERSION = YES;
				GCC_WARN_ABOUT_RETURN_TYPE = YES_ERROR;
				GCC_WARN_UNDECLARED_SELECTOR = YES;
				GCC_WARN_UNINITIALIZED_AUTOS = YES_AGGRESSIVE;
				GCC_WARN_UNUSED_FUNCTION = YES;
				GCC_WARN_UNUSED_VARIABLE = YES;
				IPHONEOS_DEPLOYMENT_TARGET = 16.4;
				MTL_ENABLE_DEBUG_INFO = NO;
				MTL_FAST_MATH = YES;
				SDKROOT = iphoneos;
				SWIFT_COMPILATION_MODE = wholemodule;
				SWIFT_OPTIMIZATION_LEVEL = "-O";
				VALIDATE_PRODUCT = YES;
			};
			name = Release;
		};
		66416C3A29ED81F40094C5D1 /* Debug */ = {
			isa = XCBuildConfiguration;
			buildSettings = {
				ASSETCATALOG_COMPILER_APPICON_NAME = AppIcon;
				ASSETCATALOG_COMPILER_GLOBAL_ACCENT_COLOR_NAME = AccentColor;
				CODE_SIGN_STYLE = Automatic;
				CURRENT_PROJECT_VERSION = 1;
				DEVELOPMENT_ASSET_PATHS = "\"BudgetApp/Preview Content\"";
				DEVELOPMENT_TEAM = W97G28RHLW;
				ENABLE_PREVIEWS = YES;
				GENERATE_INFOPLIST_FILE = YES;
				INFOPLIST_KEY_UIApplicationSceneManifest_Generation = YES;
				INFOPLIST_KEY_UIApplicationSupportsIndirectInputEvents = YES;
				INFOPLIST_KEY_UILaunchScreen_Generation = YES;
				INFOPLIST_KEY_UISupportedInterfaceOrientations_iPad = "UIInterfaceOrientationPortrait UIInterfaceOrientationPortraitUpsideDown UIInterfaceOrientationLandscapeLeft UIInterfaceOrientationLandscapeRight";
				INFOPLIST_KEY_UISupportedInterfaceOrientations_iPhone = "UIInterfaceOrientationPortrait UIInterfaceOrientationLandscapeLeft UIInterfaceOrientationLandscapeRight";
				LD_RUNPATH_SEARCH_PATHS = (
					"$(inherited)",
					"@executable_path/Frameworks",
				);
				MARKETING_VERSION = 1.0;
				PRODUCT_BUNDLE_IDENTIFIER = com.BudgetApp;
				PRODUCT_NAME = "$(TARGET_NAME)";
				SWIFT_EMIT_LOC_STRINGS = YES;
				SWIFT_VERSION = 5.0;
				TARGETED_DEVICE_FAMILY = "1,2";
			};
			name = Debug;
		};
		66416C3B29ED81F40094C5D1 /* Release */ = {
			isa = XCBuildConfiguration;
			buildSettings = {
				ASSETCATALOG_COMPILER_APPICON_NAME = AppIcon;
				ASSETCATALOG_COMPILER_GLOBAL_ACCENT_COLOR_NAME = AccentColor;
				CODE_SIGN_STYLE = Automatic;
				CURRENT_PROJECT_VERSION = 1;
				DEVELOPMENT_ASSET_PATHS = "\"BudgetApp/Preview Content\"";
				DEVELOPMENT_TEAM = W97G28RHLW;
				ENABLE_PREVIEWS = YES;
				GENERATE_INFOPLIST_FILE = YES;
				INFOPLIST_KEY_UIApplicationSceneManifest_Generation = YES;
				INFOPLIST_KEY_UIApplicationSupportsIndirectInputEvents = YES;
				INFOPLIST_KEY_UILaunchScreen_Generation = YES;
				INFOPLIST_KEY_UISupportedInterfaceOrientations_iPad = "UIInterfaceOrientationPortrait UIInterfaceOrientationPortraitUpsideDown UIInterfaceOrientationLandscapeLeft UIInterfaceOrientationLandscapeRight";
				INFOPLIST_KEY_UISupportedInterfaceOrientations_iPhone = "UIInterfaceOrientationPortrait UIInterfaceOrientationLandscapeLeft UIInterfaceOrientationLandscapeRight";
				LD_RUNPATH_SEARCH_PATHS = (
					"$(inherited)",
					"@executable_path/Frameworks",
				);
				MARKETING_VERSION = 1.0;
				PRODUCT_BUNDLE_IDENTIFIER = com.BudgetApp;
				PRODUCT_NAME = "$(TARGET_NAME)";
				SWIFT_EMIT_LOC_STRINGS = YES;
				SWIFT_VERSION = 5.0;
				TARGETED_DEVICE_FAMILY = "1,2";
			};
			name = Release;
		};
/* End XCBuildConfiguration section */

/* Begin XCConfigurationList section */
		66416C2629ED81F30094C5D1 /* Build configuration list for PBXProject "BudgetApp" */ = {
			isa = XCConfigurationList;
			buildConfigurations = (
				66416C3729ED81F40094C5D1 /* Debug */,
				66416C3829ED81F40094C5D1 /* Release */,
			);
			defaultConfigurationIsVisible = 0;
			defaultConfigurationName = Release;
		};
		66416C3929ED81F40094C5D1 /* Build configuration list for PBXNativeTarget "BudgetApp" */ = {
			isa = XCConfigurationList;
			buildConfigurations = (
				66416C3A29ED81F40094C5D1 /* Debug */,
				66416C3B29ED81F40094C5D1 /* Release */,
			);
			defaultConfigurationIsVisible = 0;
			defaultConfigurationName = Release;
		};
/* End XCConfigurationList section */

/* Begin XCVersionGroup section */
		66416C3C29ED83540094C5D1 /* BudgetModel.xcdatamodeld */ = {
			isa = XCVersionGroup;
			children = (
				66416C3D29ED83540094C5D1 /* BudgetModel.xcdatamodel */,
			);
			currentVersion = 66416C3D29ED83540094C5D1 /* BudgetModel.xcdatamodel */;
			path = BudgetModel.xcdatamodeld;
			sourceTree = "<group>";
			versionGroupType = wrapper.xcdatamodel;
		};
/* End XCVersionGroup section */
	};
	rootObject = 66416C2329ED81F30094C5D1 /* Project object */;
}
